// !$*UTF8*$!
{
	archiveVersion = 1;
	classes = {
	};
	objectVersion = 50;
	objects = {

/* Begin PBXBuildFile section */
		8B747433243ABBA1008AF251 /* AppDelegate.swift in Sources */ = {isa = PBXBuildFile; fileRef = 8B747432243ABBA1008AF251 /* AppDelegate.swift */; };
		8B747435243ABBA1008AF251 /* SceneDelegate.swift in Sources */ = {isa = PBXBuildFile; fileRef = 8B747434243ABBA1008AF251 /* SceneDelegate.swift */; };
		8B747437243ABBA1008AF251 /* SearchGitHubViewController.swift in Sources */ = {isa = PBXBuildFile; fileRef = 8B747436243ABBA1008AF251 /* SearchGitHubViewController.swift */; };
		8B74743C243ABBA4008AF251 /* Assets.xcassets in Resources */ = {isa = PBXBuildFile; fileRef = 8B74743B243ABBA4008AF251 /* Assets.xcassets */; };
		8B74743F243ABBA4008AF251 /* LaunchScreen.storyboard in Resources */ = {isa = PBXBuildFile; fileRef = 8B74743D243ABBA4008AF251 /* LaunchScreen.storyboard */; };
		8B74744A243ABBA4008AF251 /* code_challengeTests.swift in Sources */ = {isa = PBXBuildFile; fileRef = 8B747449243ABBA4008AF251 /* code_challengeTests.swift */; };
		8B747455243ABBA4008AF251 /* code_challengeUITests.swift in Sources */ = {isa = PBXBuildFile; fileRef = 8B747454243ABBA4008AF251 /* code_challengeUITests.swift */; };
		8B747463243ADEDB008AF251 /* UserSearchModel.swift in Sources */ = {isa = PBXBuildFile; fileRef = 8B747462243ADEDB008AF251 /* UserSearchModel.swift */; };
		8B747466243AE336008AF251 /* UserTableViewCell.xib in Resources */ = {isa = PBXBuildFile; fileRef = 8B747464243AE335008AF251 /* UserTableViewCell.xib */; };
		8B747467243AE336008AF251 /* UserTableViewCell.swift in Sources */ = {isa = PBXBuildFile; fileRef = 8B747465243AE336008AF251 /* UserTableViewCell.swift */; };
		8B747469243B77CD008AF251 /* UserCellViewModel.swift in Sources */ = {isa = PBXBuildFile; fileRef = 8B747468243B77CD008AF251 /* UserCellViewModel.swift */; };
		8B74746B243B79E1008AF251 /* NetworkLayer.swift in Sources */ = {isa = PBXBuildFile; fileRef = 8B74746A243B79E1008AF251 /* NetworkLayer.swift */; };
		8B74746F243B936E008AF251 /* Constants.swift in Sources */ = {isa = PBXBuildFile; fileRef = 8B74746D243B936E008AF251 /* Constants.swift */; };
		8B747470243B936E008AF251 /* Extensions.swift in Sources */ = {isa = PBXBuildFile; fileRef = 8B74746E243B936E008AF251 /* Extensions.swift */; };
		8B747472243BFF2F008AF251 /* GithubUserDetailViewController.swift in Sources */ = {isa = PBXBuildFile; fileRef = 8B747471243BFF2F008AF251 /* GithubUserDetailViewController.swift */; };
		8B747474243BFF5D008AF251 /* GithubUserDetailView.xib in Resources */ = {isa = PBXBuildFile; fileRef = 8B747473243BFF5D008AF251 /* GithubUserDetailView.xib */; };
		8B747476243C020C008AF251 /* GithubUserDetailViewModel.swift in Sources */ = {isa = PBXBuildFile; fileRef = 8B747475243C020C008AF251 /* GithubUserDetailViewModel.swift */; };
		8B747478243C157E008AF251 /* DetailRepoCell.xib in Resources */ = {isa = PBXBuildFile; fileRef = 8B747477243C157E008AF251 /* DetailRepoCell.xib */; };
		8B74747A243C1637008AF251 /* DetailRepoCell.swift in Sources */ = {isa = PBXBuildFile; fileRef = 8B747479243C1637008AF251 /* DetailRepoCell.swift */; };
		8B74747C243C1FF0008AF251 /* RepoModel.swift in Sources */ = {isa = PBXBuildFile; fileRef = 8B74747B243C1FF0008AF251 /* RepoModel.swift */; };
/* End PBXBuildFile section */

/* Begin PBXContainerItemProxy section */
		8B747446243ABBA4008AF251 /* PBXContainerItemProxy */ = {
			isa = PBXContainerItemProxy;
			containerPortal = 8B747427243ABBA1008AF251 /* Project object */;
			proxyType = 1;
			remoteGlobalIDString = 8B74742E243ABBA1008AF251;
			remoteInfo = code_challenge;
		};
		8B747451243ABBA4008AF251 /* PBXContainerItemProxy */ = {
			isa = PBXContainerItemProxy;
			containerPortal = 8B747427243ABBA1008AF251 /* Project object */;
			proxyType = 1;
			remoteGlobalIDString = 8B74742E243ABBA1008AF251;
			remoteInfo = code_challenge;
		};
/* End PBXContainerItemProxy section */

/* Begin PBXFileReference section */
		8B74742F243ABBA1008AF251 /* code_challenge.app */ = {isa = PBXFileReference; explicitFileType = wrapper.application; includeInIndex = 0; path = code_challenge.app; sourceTree = BUILT_PRODUCTS_DIR; };
		8B747432243ABBA1008AF251 /* AppDelegate.swift */ = {isa = PBXFileReference; lastKnownFileType = sourcecode.swift; path = AppDelegate.swift; sourceTree = "<group>"; };
		8B747434243ABBA1008AF251 /* SceneDelegate.swift */ = {isa = PBXFileReference; lastKnownFileType = sourcecode.swift; path = SceneDelegate.swift; sourceTree = "<group>"; };
		8B747436243ABBA1008AF251 /* SearchGitHubViewController.swift */ = {isa = PBXFileReference; lastKnownFileType = sourcecode.swift; path = SearchGitHubViewController.swift; sourceTree = "<group>"; };
		8B74743B243ABBA4008AF251 /* Assets.xcassets */ = {isa = PBXFileReference; lastKnownFileType = folder.assetcatalog; path = Assets.xcassets; sourceTree = "<group>"; };
		8B74743E243ABBA4008AF251 /* Base */ = {isa = PBXFileReference; lastKnownFileType = file.storyboard; name = Base; path = Base.lproj/LaunchScreen.storyboard; sourceTree = "<group>"; };
		8B747440243ABBA4008AF251 /* Info.plist */ = {isa = PBXFileReference; lastKnownFileType = text.plist.xml; path = Info.plist; sourceTree = "<group>"; };
		8B747445243ABBA4008AF251 /* code_challengeTests.xctest */ = {isa = PBXFileReference; explicitFileType = wrapper.cfbundle; includeInIndex = 0; path = code_challengeTests.xctest; sourceTree = BUILT_PRODUCTS_DIR; };
		8B747449243ABBA4008AF251 /* code_challengeTests.swift */ = {isa = PBXFileReference; lastKnownFileType = sourcecode.swift; path = code_challengeTests.swift; sourceTree = "<group>"; };
		8B74744B243ABBA4008AF251 /* Info.plist */ = {isa = PBXFileReference; lastKnownFileType = text.plist.xml; path = Info.plist; sourceTree = "<group>"; };
		8B747450243ABBA4008AF251 /* code_challengeUITests.xctest */ = {isa = PBXFileReference; explicitFileType = wrapper.cfbundle; includeInIndex = 0; path = code_challengeUITests.xctest; sourceTree = BUILT_PRODUCTS_DIR; };
		8B747454243ABBA4008AF251 /* code_challengeUITests.swift */ = {isa = PBXFileReference; lastKnownFileType = sourcecode.swift; path = code_challengeUITests.swift; sourceTree = "<group>"; };
		8B747456243ABBA4008AF251 /* Info.plist */ = {isa = PBXFileReference; lastKnownFileType = text.plist.xml; path = Info.plist; sourceTree = "<group>"; };
		8B747462243ADEDB008AF251 /* UserSearchModel.swift */ = {isa = PBXFileReference; lastKnownFileType = sourcecode.swift; path = UserSearchModel.swift; sourceTree = "<group>"; };
		8B747464243AE335008AF251 /* UserTableViewCell.xib */ = {isa = PBXFileReference; fileEncoding = 4; lastKnownFileType = file.xib; path = UserTableViewCell.xib; sourceTree = "<group>"; };
		8B747465243AE336008AF251 /* UserTableViewCell.swift */ = {isa = PBXFileReference; fileEncoding = 4; lastKnownFileType = sourcecode.swift; path = UserTableViewCell.swift; sourceTree = "<group>"; };
		8B747468243B77CD008AF251 /* UserCellViewModel.swift */ = {isa = PBXFileReference; lastKnownFileType = sourcecode.swift; path = UserCellViewModel.swift; sourceTree = "<group>"; };
		8B74746A243B79E1008AF251 /* NetworkLayer.swift */ = {isa = PBXFileReference; fileEncoding = 4; lastKnownFileType = sourcecode.swift; path = NetworkLayer.swift; sourceTree = "<group>"; };
		8B74746D243B936E008AF251 /* Constants.swift */ = {isa = PBXFileReference; fileEncoding = 4; lastKnownFileType = sourcecode.swift; path = Constants.swift; sourceTree = "<group>"; };
		8B74746E243B936E008AF251 /* Extensions.swift */ = {isa = PBXFileReference; fileEncoding = 4; lastKnownFileType = sourcecode.swift; path = Extensions.swift; sourceTree = "<group>"; };
		8B747471243BFF2F008AF251 /* GithubUserDetailViewController.swift */ = {isa = PBXFileReference; lastKnownFileType = sourcecode.swift; path = GithubUserDetailViewController.swift; sourceTree = "<group>"; };
		8B747473243BFF5D008AF251 /* GithubUserDetailView.xib */ = {isa = PBXFileReference; lastKnownFileType = file.xib; path = GithubUserDetailView.xib; sourceTree = "<group>"; };
		8B747475243C020C008AF251 /* GithubUserDetailViewModel.swift */ = {isa = PBXFileReference; lastKnownFileType = sourcecode.swift; path = GithubUserDetailViewModel.swift; sourceTree = "<group>"; };
		8B747477243C157E008AF251 /* DetailRepoCell.xib */ = {isa = PBXFileReference; lastKnownFileType = file.xib; path = DetailRepoCell.xib; sourceTree = "<group>"; };
		8B747479243C1637008AF251 /* DetailRepoCell.swift */ = {isa = PBXFileReference; lastKnownFileType = sourcecode.swift; path = DetailRepoCell.swift; sourceTree = "<group>"; };
		8B74747B243C1FF0008AF251 /* RepoModel.swift */ = {isa = PBXFileReference; lastKnownFileType = sourcecode.swift; path = RepoModel.swift; sourceTree = "<group>"; };
/* End PBXFileReference section */

/* Begin PBXFrameworksBuildPhase section */
		8B74742C243ABBA1008AF251 /* Frameworks */ = {
			isa = PBXFrameworksBuildPhase;
			buildActionMask = 2147483647;
			files = (
			);
			runOnlyForDeploymentPostprocessing = 0;
		};
		8B747442243ABBA4008AF251 /* Frameworks */ = {
			isa = PBXFrameworksBuildPhase;
			buildActionMask = 2147483647;
			files = (
			);
			runOnlyForDeploymentPostprocessing = 0;
		};
		8B74744D243ABBA4008AF251 /* Frameworks */ = {
			isa = PBXFrameworksBuildPhase;
			buildActionMask = 2147483647;
			files = (
			);
			runOnlyForDeploymentPostprocessing = 0;
		};
/* End PBXFrameworksBuildPhase section */

/* Begin PBXGroup section */
		8B747426243ABBA1008AF251 = {
			isa = PBXGroup;
			children = (
				8B747431243ABBA1008AF251 /* code_challenge */,
				8B747448243ABBA4008AF251 /* code_challengeTests */,
				8B747453243ABBA4008AF251 /* code_challengeUITests */,
				8B747430243ABBA1008AF251 /* Products */,
			);
			sourceTree = "<group>";
		};
		8B747430243ABBA1008AF251 /* Products */ = {
			isa = PBXGroup;
			children = (
				8B74742F243ABBA1008AF251 /* code_challenge.app */,
				8B747445243ABBA4008AF251 /* code_challengeTests.xctest */,
				8B747450243ABBA4008AF251 /* code_challengeUITests.xctest */,
			);
			name = Products;
			sourceTree = "<group>";
		};
		8B747431243ABBA1008AF251 /* code_challenge */ = {
			isa = PBXGroup;
			children = (
				8B74743D243ABBA4008AF251 /* LaunchScreen.storyboard */,
				8B747440243ABBA4008AF251 /* Info.plist */,
				8B747432243ABBA1008AF251 /* AppDelegate.swift */,
				8B747434243ABBA1008AF251 /* SceneDelegate.swift */,
				8B74747F243C5A90008AF251 /* UserSearch */,
				8B747480243C5AAF008AF251 /* DetailUserSearch */,
				8B74743B243ABBA4008AF251 /* Assets.xcassets */,
				8B74746C243B936E008AF251 /* Helper */,
			);
			path = code_challenge;
			sourceTree = "<group>";
		};
		8B747448243ABBA4008AF251 /* code_challengeTests */ = {
			isa = PBXGroup;
			children = (
				8B747449243ABBA4008AF251 /* code_challengeTests.swift */,
				8B74744B243ABBA4008AF251 /* Info.plist */,
			);
			path = code_challengeTests;
			sourceTree = "<group>";
		};
		8B747453243ABBA4008AF251 /* code_challengeUITests */ = {
			isa = PBXGroup;
			children = (
				8B747454243ABBA4008AF251 /* code_challengeUITests.swift */,
				8B747456243ABBA4008AF251 /* Info.plist */,
			);
			path = code_challengeUITests;
			sourceTree = "<group>";
		};
		8B74746C243B936E008AF251 /* Helper */ = {
			isa = PBXGroup;
			children = (
				8B74746A243B79E1008AF251 /* NetworkLayer.swift */,
				8B74746D243B936E008AF251 /* Constants.swift */,
				8B74746E243B936E008AF251 /* Extensions.swift */,
			);
			path = Helper;
			sourceTree = "<group>";
		};
		8B74747F243C5A90008AF251 /* UserSearch */ = {
			isa = PBXGroup;
			children = (
				8B747481243C5AD9008AF251 /* views */,
				8B747482243C5AE2008AF251 /* model */,
				8B747483243C5AE9008AF251 /* viewmodel */,
			);
			path = UserSearch;
			sourceTree = "<group>";
		};
		8B747480243C5AAF008AF251 /* DetailUserSearch */ = {
			isa = PBXGroup;
			children = (
				8B747484243C5B02008AF251 /* views */,
				8B747485243C5B0B008AF251 /* viewmodel */,
				8B747486243C5B12008AF251 /* model */,
			);
			path = DetailUserSearch;
			sourceTree = "<group>";
		};
		8B747481243C5AD9008AF251 /* views */ = {
			isa = PBXGroup;
			children = (
				8B747436243ABBA1008AF251 /* SearchGitHubViewController.swift */,
				8B747465243AE336008AF251 /* UserTableViewCell.swift */,
				8B747464243AE335008AF251 /* UserTableViewCell.xib */,
			);
			path = views;
			sourceTree = "<group>";
		};
		8B747482243C5AE2008AF251 /* model */ = {
			isa = PBXGroup;
			children = (
				8B747462243ADEDB008AF251 /* UserSearchModel.swift */,
			);
			path = model;
			sourceTree = "<group>";
		};
		8B747483243C5AE9008AF251 /* viewmodel */ = {
			isa = PBXGroup;
			children = (
				8B747468243B77CD008AF251 /* UserCellViewModel.swift */,
			);
			path = viewmodel;
			sourceTree = "<group>";
		};
		8B747484243C5B02008AF251 /* views */ = {
			isa = PBXGroup;
			children = (
				8B747471243BFF2F008AF251 /* GithubUserDetailViewController.swift */,
				8B747473243BFF5D008AF251 /* GithubUserDetailView.xib */,
				8B747479243C1637008AF251 /* DetailRepoCell.swift */,
				8B747477243C157E008AF251 /* DetailRepoCell.xib */,
			);
			path = views;
			sourceTree = "<group>";
		};
		8B747485243C5B0B008AF251 /* viewmodel */ = {
			isa = PBXGroup;
			children = (
				8B747475243C020C008AF251 /* GithubUserDetailViewModel.swift */,
			);
			path = viewmodel;
			sourceTree = "<group>";
		};
		8B747486243C5B12008AF251 /* model */ = {
			isa = PBXGroup;
			children = (
				8B74747B243C1FF0008AF251 /* RepoModel.swift */,
			);
			path = model;
			sourceTree = "<group>";
		};
/* End PBXGroup section */

/* Begin PBXNativeTarget section */
		8B74742E243ABBA1008AF251 /* code_challenge */ = {
			isa = PBXNativeTarget;
			buildConfigurationList = 8B747459243ABBA4008AF251 /* Build configuration list for PBXNativeTarget "code_challenge" */;
			buildPhases = (
				8B74742B243ABBA1008AF251 /* Sources */,
				8B74742C243ABBA1008AF251 /* Frameworks */,
				8B74742D243ABBA1008AF251 /* Resources */,
			);
			buildRules = (
			);
			dependencies = (
			);
			name = code_challenge;
			productName = code_challenge;
			productReference = 8B74742F243ABBA1008AF251 /* code_challenge.app */;
			productType = "com.apple.product-type.application";
		};
		8B747444243ABBA4008AF251 /* code_challengeTests */ = {
			isa = PBXNativeTarget;
			buildConfigurationList = 8B74745C243ABBA4008AF251 /* Build configuration list for PBXNativeTarget "code_challengeTests" */;
			buildPhases = (
				8B747441243ABBA4008AF251 /* Sources */,
				8B747442243ABBA4008AF251 /* Frameworks */,
				8B747443243ABBA4008AF251 /* Resources */,
			);
			buildRules = (
			);
			dependencies = (
				8B747447243ABBA4008AF251 /* PBXTargetDependency */,
			);
			name = code_challengeTests;
			productName = code_challengeTests;
			productReference = 8B747445243ABBA4008AF251 /* code_challengeTests.xctest */;
			productType = "com.apple.product-type.bundle.unit-test";
		};
		8B74744F243ABBA4008AF251 /* code_challengeUITests */ = {
			isa = PBXNativeTarget;
			buildConfigurationList = 8B74745F243ABBA4008AF251 /* Build configuration list for PBXNativeTarget "code_challengeUITests" */;
			buildPhases = (
				8B74744C243ABBA4008AF251 /* Sources */,
				8B74744D243ABBA4008AF251 /* Frameworks */,
				8B74744E243ABBA4008AF251 /* Resources */,
			);
			buildRules = (
			);
			dependencies = (
				8B747452243ABBA4008AF251 /* PBXTargetDependency */,
			);
			name = code_challengeUITests;
			productName = code_challengeUITests;
			productReference = 8B747450243ABBA4008AF251 /* code_challengeUITests.xctest */;
			productType = "com.apple.product-type.bundle.ui-testing";
		};
/* End PBXNativeTarget section */

/* Begin PBXProject section */
		8B747427243ABBA1008AF251 /* Project object */ = {
			isa = PBXProject;
			attributes = {
				LastSwiftUpdateCheck = 1130;
				LastUpgradeCheck = 1130;
				ORGANIZATIONNAME = Dilip;
				TargetAttributes = {
					8B74742E243ABBA1008AF251 = {
						CreatedOnToolsVersion = 11.3.1;
					};
					8B747444243ABBA4008AF251 = {
						CreatedOnToolsVersion = 11.3.1;
						TestTargetID = 8B74742E243ABBA1008AF251;
					};
					8B74744F243ABBA4008AF251 = {
						CreatedOnToolsVersion = 11.3.1;
						TestTargetID = 8B74742E243ABBA1008AF251;
					};
				};
			};
			buildConfigurationList = 8B74742A243ABBA1008AF251 /* Build configuration list for PBXProject "code_challenge" */;
			compatibilityVersion = "Xcode 9.3";
			developmentRegion = en;
			hasScannedForEncodings = 0;
			knownRegions = (
				en,
				Base,
			);
			mainGroup = 8B747426243ABBA1008AF251;
			productRefGroup = 8B747430243ABBA1008AF251 /* Products */;
			projectDirPath = "";
			projectRoot = "";
			targets = (
				8B74742E243ABBA1008AF251 /* code_challenge */,
				8B747444243ABBA4008AF251 /* code_challengeTests */,
				8B74744F243ABBA4008AF251 /* code_challengeUITests */,
			);
		};
/* End PBXProject section */

/* Begin PBXResourcesBuildPhase section */
		8B74742D243ABBA1008AF251 /* Resources */ = {
			isa = PBXResourcesBuildPhase;
			buildActionMask = 2147483647;
			files = (
				8B74743F243ABBA4008AF251 /* LaunchScreen.storyboard in Resources */,
				8B747474243BFF5D008AF251 /* GithubUserDetailView.xib in Resources */,
				8B747466243AE336008AF251 /* UserTableViewCell.xib in Resources */,
				8B747478243C157E008AF251 /* DetailRepoCell.xib in Resources */,
				8B74743C243ABBA4008AF251 /* Assets.xcassets in Resources */,
			);
			runOnlyForDeploymentPostprocessing = 0;
		};
		8B747443243ABBA4008AF251 /* Resources */ = {
			isa = PBXResourcesBuildPhase;
			buildActionMask = 2147483647;
			files = (
			);
			runOnlyForDeploymentPostprocessing = 0;
		};
		8B74744E243ABBA4008AF251 /* Resources */ = {
			isa = PBXResourcesBuildPhase;
			buildActionMask = 2147483647;
			files = (
			);
			runOnlyForDeploymentPostprocessing = 0;
		};
/* End PBXResourcesBuildPhase section */

/* Begin PBXSourcesBuildPhase section */
		8B74742B243ABBA1008AF251 /* Sources */ = {
			isa = PBXSourcesBuildPhase;
			buildActionMask = 2147483647;
			files = (
				8B747437243ABBA1008AF251 /* SearchGitHubViewController.swift in Sources */,
				8B747472243BFF2F008AF251 /* GithubUserDetailViewController.swift in Sources */,
				8B747470243B936E008AF251 /* Extensions.swift in Sources */,
				8B747433243ABBA1008AF251 /* AppDelegate.swift in Sources */,
				8B74746B243B79E1008AF251 /* NetworkLayer.swift in Sources */,
				8B747463243ADEDB008AF251 /* UserSearchModel.swift in Sources */,
				8B747435243ABBA1008AF251 /* SceneDelegate.swift in Sources */,
				8B747467243AE336008AF251 /* UserTableViewCell.swift in Sources */,
				8B74747A243C1637008AF251 /* DetailRepoCell.swift in Sources */,
				8B747476243C020C008AF251 /* GithubUserDetailViewModel.swift in Sources */,
				8B747469243B77CD008AF251 /* UserCellViewModel.swift in Sources */,
				8B74747C243C1FF0008AF251 /* RepoModel.swift in Sources */,
				8B74746F243B936E008AF251 /* Constants.swift in Sources */,
			);
			runOnlyForDeploymentPostprocessing = 0;
		};
		8B747441243ABBA4008AF251 /* Sources */ = {
			isa = PBXSourcesBuildPhase;
			buildActionMask = 2147483647;
			files = (
				8B74744A243ABBA4008AF251 /* code_challengeTests.swift in Sources */,
			);
			runOnlyForDeploymentPostprocessing = 0;
		};
		8B74744C243ABBA4008AF251 /* Sources */ = {
			isa = PBXSourcesBuildPhase;
			buildActionMask = 2147483647;
			files = (
				8B747455243ABBA4008AF251 /* code_challengeUITests.swift in Sources */,
			);
			runOnlyForDeploymentPostprocessing = 0;
		};
/* End PBXSourcesBuildPhase section */

/* Begin PBXTargetDependency section */
		8B747447243ABBA4008AF251 /* PBXTargetDependency */ = {
			isa = PBXTargetDependency;
			target = 8B74742E243ABBA1008AF251 /* code_challenge */;
			targetProxy = 8B747446243ABBA4008AF251 /* PBXContainerItemProxy */;
		};
		8B747452243ABBA4008AF251 /* PBXTargetDependency */ = {
			isa = PBXTargetDependency;
			target = 8B74742E243ABBA1008AF251 /* code_challenge */;
			targetProxy = 8B747451243ABBA4008AF251 /* PBXContainerItemProxy */;
		};
/* End PBXTargetDependency section */

/* Begin PBXVariantGroup section */
		8B74743D243ABBA4008AF251 /* LaunchScreen.storyboard */ = {
			isa = PBXVariantGroup;
			children = (
				8B74743E243ABBA4008AF251 /* Base */,
			);
			name = LaunchScreen.storyboard;
			sourceTree = "<group>";
		};
/* End PBXVariantGroup section */

/* Begin XCBuildConfiguration section */
		8B747457243ABBA4008AF251 /* Debug */ = {
			isa = XCBuildConfiguration;
			buildSettings = {
				ALWAYS_SEARCH_USER_PATHS = NO;
				CLANG_ANALYZER_NONNULL = YES;
				CLANG_ANALYZER_NUMBER_OBJECT_CONVERSION = YES_AGGRESSIVE;
				CLANG_CXX_LANGUAGE_STANDARD = "gnu++14";
				CLANG_CXX_LIBRARY = "libc++";
				CLANG_ENABLE_MODULES = YES;
				CLANG_ENABLE_OBJC_ARC = YES;
				CLANG_ENABLE_OBJC_WEAK = YES;
				CLANG_WARN_BLOCK_CAPTURE_AUTORELEASING = YES;
				CLANG_WARN_BOOL_CONVERSION = YES;
				CLANG_WARN_COMMA = YES;
				CLANG_WARN_CONSTANT_CONVERSION = YES;
				CLANG_WARN_DEPRECATED_OBJC_IMPLEMENTATIONS = YES;
				CLANG_WARN_DIRECT_OBJC_ISA_USAGE = YES_ERROR;
				CLANG_WARN_DOCUMENTATION_COMMENTS = YES;
				CLANG_WARN_EMPTY_BODY = YES;
				CLANG_WARN_ENUM_CONVERSION = YES;
				CLANG_WARN_INFINITE_RECURSION = YES;
				CLANG_WARN_INT_CONVERSION = YES;
				CLANG_WARN_NON_LITERAL_NULL_CONVERSION = YES;
				CLANG_WARN_OBJC_IMPLICIT_RETAIN_SELF = YES;
				CLANG_WARN_OBJC_LITERAL_CONVERSION = YES;
				CLANG_WARN_OBJC_ROOT_CLASS = YES_ERROR;
				CLANG_WARN_RANGE_LOOP_ANALYSIS = YES;
				CLANG_WARN_STRICT_PROTOTYPES = YES;
				CLANG_WARN_SUSPICIOUS_MOVE = YES;
				CLANG_WARN_UNGUARDED_AVAILABILITY = YES_AGGRESSIVE;
				CLANG_WARN_UNREACHABLE_CODE = YES;
				CLANG_WARN__DUPLICATE_METHOD_MATCH = YES;
				COPY_PHASE_STRIP = NO;
				DEBUG_INFORMATION_FORMAT = dwarf;
				ENABLE_STRICT_OBJC_MSGSEND = YES;
				ENABLE_TESTABILITY = YES;
				GCC_C_LANGUAGE_STANDARD = gnu11;
				GCC_DYNAMIC_NO_PIC = NO;
				GCC_NO_COMMON_BLOCKS = YES;
				GCC_OPTIMIZATION_LEVEL = 0;
				GCC_PREPROCESSOR_DEFINITIONS = (
					"DEBUG=1",
					"$(inherited)",
				);
				GCC_WARN_64_TO_32_BIT_CONVERSION = YES;
				GCC_WARN_ABOUT_RETURN_TYPE = YES_ERROR;
				GCC_WARN_UNDECLARED_SELECTOR = YES;
				GCC_WARN_UNINITIALIZED_AUTOS = YES_AGGRESSIVE;
				GCC_WARN_UNUSED_FUNCTION = YES;
				GCC_WARN_UNUSED_VARIABLE = YES;
				IPHONEOS_DEPLOYMENT_TARGET = 13.2;
				MTL_ENABLE_DEBUG_INFO = INCLUDE_SOURCE;
				MTL_FAST_MATH = YES;
				ONLY_ACTIVE_ARCH = YES;
				SDKROOT = iphoneos;
				SWIFT_ACTIVE_COMPILATION_CONDITIONS = DEBUG;
				SWIFT_OPTIMIZATION_LEVEL = "-Onone";
			};
			name = Debug;
		};
		8B747458243ABBA4008AF251 /* Release */ = {
			isa = XCBuildConfiguration;
			buildSettings = {
				ALWAYS_SEARCH_USER_PATHS = NO;
				CLANG_ANALYZER_NONNULL = YES;
				CLANG_ANALYZER_NUMBER_OBJECT_CONVERSION = YES_AGGRESSIVE;
				CLANG_CXX_LANGUAGE_STANDARD = "gnu++14";
				CLANG_CXX_LIBRARY = "libc++";
				CLANG_ENABLE_MODULES = YES;
				CLANG_ENABLE_OBJC_ARC = YES;
				CLANG_ENABLE_OBJC_WEAK = YES;
				CLANG_WARN_BLOCK_CAPTURE_AUTORELEASING = YES;
				CLANG_WARN_BOOL_CONVERSION = YES;
				CLANG_WARN_COMMA = YES;
				CLANG_WARN_CONSTANT_CONVERSION = YES;
				CLANG_WARN_DEPRECATED_OBJC_IMPLEMENTATIONS = YES;
				CLANG_WARN_DIRECT_OBJC_ISA_USAGE = YES_ERROR;
				CLANG_WARN_DOCUMENTATION_COMMENTS = YES;
				CLANG_WARN_EMPTY_BODY = YES;
				CLANG_WARN_ENUM_CONVERSION = YES;
				CLANG_WARN_INFINITE_RECURSION = YES;
				CLANG_WARN_INT_CONVERSION = YES;
				CLANG_WARN_NON_LITERAL_NULL_CONVERSION = YES;
				CLANG_WARN_OBJC_IMPLICIT_RETAIN_SELF = YES;
				CLANG_WARN_OBJC_LITERAL_CONVERSION = YES;
				CLANG_WARN_OBJC_ROOT_CLASS = YES_ERROR;
				CLANG_WARN_RANGE_LOOP_ANALYSIS = YES;
				CLANG_WARN_STRICT_PROTOTYPES = YES;
				CLANG_WARN_SUSPICIOUS_MOVE = YES;
				CLANG_WARN_UNGUARDED_AVAILABILITY = YES_AGGRESSIVE;
				CLANG_WARN_UNREACHABLE_CODE = YES;
				CLANG_WARN__DUPLICATE_METHOD_MATCH = YES;
				COPY_PHASE_STRIP = NO;
				DEBUG_INFORMATION_FORMAT = "dwarf-with-dsym";
				ENABLE_NS_ASSERTIONS = NO;
				ENABLE_STRICT_OBJC_MSGSEND = YES;
				GCC_C_LANGUAGE_STANDARD = gnu11;
				GCC_NO_COMMON_BLOCKS = YES;
				GCC_WARN_64_TO_32_BIT_CONVERSION = YES;
				GCC_WARN_ABOUT_RETURN_TYPE = YES_ERROR;
				GCC_WARN_UNDECLARED_SELECTOR = YES;
				GCC_WARN_UNINITIALIZED_AUTOS = YES_AGGRESSIVE;
				GCC_WARN_UNUSED_FUNCTION = YES;
				GCC_WARN_UNUSED_VARIABLE = YES;
				IPHONEOS_DEPLOYMENT_TARGET = 13.2;
				MTL_ENABLE_DEBUG_INFO = NO;
				MTL_FAST_MATH = YES;
				SDKROOT = iphoneos;
				SWIFT_COMPILATION_MODE = wholemodule;
				SWIFT_OPTIMIZATION_LEVEL = "-O";
				VALIDATE_PRODUCT = YES;
			};
			name = Release;
		};
		8B74745A243ABBA4008AF251 /* Debug */ = {
			isa = XCBuildConfiguration;
			buildSettings = {
				ASSETCATALOG_COMPILER_APPICON_NAME = AppIcon;
				CODE_SIGN_STYLE = Automatic;
				INFOPLIST_FILE = code_challenge/Info.plist;
				LD_RUNPATH_SEARCH_PATHS = (
					"$(inherited)",
					"@executable_path/Frameworks",
				);
				PRODUCT_BUNDLE_IDENTIFIER = "com.dilip.code-challenge";
				PRODUCT_NAME = "$(TARGET_NAME)";
				SWIFT_VERSION = 5.0;
				TARGETED_DEVICE_FAMILY = "1,2";
			};
			name = Debug;
		};
		8B74745B243ABBA4008AF251 /* Release */ = {
			isa = XCBuildConfiguration;
			buildSettings = {
				ASSETCATALOG_COMPILER_APPICON_NAME = AppIcon;
				CODE_SIGN_STYLE = Automatic;
				INFOPLIST_FILE = code_challenge/Info.plist;
				LD_RUNPATH_SEARCH_PATHS = (
					"$(inherited)",
					"@executable_path/Frameworks",
				);
				PRODUCT_BUNDLE_IDENTIFIER = "com.dilip.code-challenge";
				PRODUCT_NAME = "$(TARGET_NAME)";
				SWIFT_VERSION = 5.0;
				TARGETED_DEVICE_FAMILY = "1,2";
			};
			name = Release;
		};
		8B74745D243ABBA4008AF251 /* Debug */ = {
			isa = XCBuildConfiguration;
			buildSettings = {
				ALWAYS_EMBED_SWIFT_STANDARD_LIBRARIES = YES;
				BUNDLE_LOADER = "$(TEST_HOST)";
				CODE_SIGN_STYLE = Automatic;
				INFOPLIST_FILE = code_challengeTests/Info.plist;
				IPHONEOS_DEPLOYMENT_TARGET = 13.2;
				LD_RUNPATH_SEARCH_PATHS = (
					"$(inherited)",
					"@executable_path/Frameworks",
					"@loader_path/Frameworks",
				);
				PRODUCT_BUNDLE_IDENTIFIER = "com.dilip.code-challengeTests";
				PRODUCT_NAME = "$(TARGET_NAME)";
				SWIFT_VERSION = 5.0;
				TARGETED_DEVICE_FAMILY = "1,2";
				TEST_HOST = "$(BUILT_PRODUCTS_DIR)/code_challenge.app/code_challenge";
			};
			name = Debug;
		};
		8B74745E243ABBA4008AF251 /* Release */ = {
			isa = XCBuildConfiguration;
			buildSettings = {
				ALWAYS_EMBED_SWIFT_STANDARD_LIBRARIES = YES;
				BUNDLE_LOADER = "$(TEST_HOST)";
				CODE_SIGN_STYLE = Automatic;
				INFOPLIST_FILE = code_challengeTests/Info.plist;
				IPHONEOS_DEPLOYMENT_TARGET = 13.2;
				LD_RUNPATH_SEARCH_PATHS = (
					"$(inherited)",
					"@executable_path/Frameworks",
					"@loader_path/Frameworks",
				);
				PRODUCT_BUNDLE_IDENTIFIER = "com.dilip.code-challengeTests";
				PRODUCT_NAME = "$(TARGET_NAME)";
				SWIFT_VERSION = 5.0;
				TARGETED_DEVICE_FAMILY = "1,2";
				TEST_HOST = "$(BUILT_PRODUCTS_DIR)/code_challenge.app/code_challenge";
			};
			name = Release;
		};
		8B747460243ABBA4008AF251 /* Debug */ = {
			isa = XCBuildConfiguration;
			buildSettings = {
				ALWAYS_EMBED_SWIFT_STANDARD_LIBRARIES = YES;
				CODE_SIGN_STYLE = Automatic;
				INFOPLIST_FILE = code_challengeUITests/Info.plist;
				LD_RUNPATH_SEARCH_PATHS = (
					"$(inherited)",
					"@executable_path/Frameworks",
					"@loader_path/Frameworks",
				);
				PRODUCT_BUNDLE_IDENTIFIER = "com.dilip.code-challengeUITests";
				PRODUCT_NAME = "$(TARGET_NAME)";
				SWIFT_VERSION = 5.0;
				TARGETED_DEVICE_FAMILY = "1,2";
				TEST_TARGET_NAME = code_challenge;
			};
			name = Debug;
		};
		8B747461243ABBA4008AF251 /* Release */ = {
			isa = XCBuildConfiguration;
			buildSettings = {
				ALWAYS_EMBED_SWIFT_STANDARD_LIBRARIES = YES;
				CODE_SIGN_STYLE = Automatic;
				INFOPLIST_FILE = code_challengeUITests/Info.plist;
				LD_RUNPATH_SEARCH_PATHS = (
					"$(inherited)",
					"@executable_path/Frameworks",
					"@loader_path/Frameworks",
				);
				PRODUCT_BUNDLE_IDENTIFIER = "com.dilip.code-challengeUITests";
				PRODUCT_NAME = "$(TARGET_NAME)";
				SWIFT_VERSION = 5.0;
				TARGETED_DEVICE_FAMILY = "1,2";
				TEST_TARGET_NAME = code_challenge;
			};
			name = Release;
		};
/* End XCBuildConfiguration section */

/* Begin XCConfigurationList section */
		8B74742A243ABBA1008AF251 /* Build configuration list for PBXProject "code_challenge" */ = {
			isa = XCConfigurationList;
			buildConfigurations = (
				8B747457243ABBA4008AF251 /* Debug */,
				8B747458243ABBA4008AF251 /* Release */,
			);
			defaultConfigurationIsVisible = 0;
			defaultConfigurationName = Release;
		};
		8B747459243ABBA4008AF251 /* Build configuration list for PBXNativeTarget "code_challenge" */ = {
			isa = XCConfigurationList;
			buildConfigurations = (
				8B74745A243ABBA4008AF251 /* Debug */,
				8B74745B243ABBA4008AF251 /* Release */,
			);
			defaultConfigurationIsVisible = 0;
			defaultConfigurationName = Release;
		};
		8B74745C243ABBA4008AF251 /* Build configuration list for PBXNativeTarget "code_challengeTests" */ = {
			isa = XCConfigurationList;
			buildConfigurations = (
				8B74745D243ABBA4008AF251 /* Debug */,
				8B74745E243ABBA4008AF251 /* Release */,
			);
			defaultConfigurationIsVisible = 0;
			defaultConfigurationName = Release;
		};
		8B74745F243ABBA4008AF251 /* Build configuration list for PBXNativeTarget "code_challengeUITests" */ = {
			isa = XCConfigurationList;
			buildConfigurations = (
				8B747460243ABBA4008AF251 /* Debug */,
				8B747461243ABBA4008AF251 /* Release */,
			);
			defaultConfigurationIsVisible = 0;
			defaultConfigurationName = Release;
		};
/* End XCConfigurationList section */
	};
	rootObject = 8B747427243ABBA1008AF251 /* Project object */;
}
